
Microsoft Visual Studio Solution File, Format Version 12.00
# Visual Studio Version 16
VisualStudioVersion = 16.0.30011.22
MinimumVisualStudioVersion = 10.0.40219.1
Project("{8BC9CEB8-8B4A-11D0-8D11-00A0C91BC942}") = "star count down", "star count down\star count down.vcxproj", "{1BB71AB7-FF55-4C17-9692-373B02D8866B}"
EndProject
Global
	GlobalSection(SolutionConfigurationPlatforms) = preSolution
		Debug|x64 = Debug|x64
		Debug|x86 = Debug|x86
		Release|x64 = Release|x64
		Release|x86 = Release|x86
	EndGlobalSection
	GlobalSection(ProjectConfigurationPlatforms) = postSolution
		{1BB71AB7-FF55-4C17-9692-373B02D8866B}.Debug|x64.ActiveCfg = Debug|x64
		{1BB71AB7-FF55-4C17-9692-373B02D8866B}.Debug|x64.Build.0 = Debug|x64
		{1BB71AB7-FF55-4C17-9692-373B02D8866B}.Debug|x86.ActiveCfg = Debug|Win32
		{1BB71AB7-FF55-4C17-9692-373B02D8866B}.Debug|x86.Build.0 = Debug|Win32
		{1BB71AB7-FF55-4C17-9692-373B02D8866B}.Release|x64.ActiveCfg = Release|x64
		{1BB71AB7-FF55-4C17-9692-373B02D8866B}.Release|x64.Build.0 = Release|x64
		{1BB71AB7-FF55-4C17-9692-373B02D8866B}.Release|x86.ActiveCfg = Release|Win32
		{1BB71AB7-FF55-4C17-9692-373B02D8866B}.Release|x86.Build.0 = Release|Win32
	EndGlobalSection
	GlobalSection(SolutionProperties) = preSolution
		HideSolutionNode = FALSE
	EndGlobalSection
	GlobalSection(ExtensibilityGlobals) = postSolution
		SolutionGuid = {D8882F05-F419-4F6D-903A-413F144845FB}
	EndGlobalSection
EndGlobal
